// !$*UTF8*$!
{
	archiveVersion = 1;
	classes = {
	};
	objectVersion = 46;
	objects = {

/* Begin PBXBuildFile section */
		1D21CD711749DB8500BFAC87 /* LICENSE.txt in Resources */ = {isa = PBXBuildFile; fileRef = 1D21CD701749DB8500BFAC87 /* LICENSE.txt */; };
		1D6FA7241788F324005BE23E /* Default@2x.png in Resources */ = {isa = PBXBuildFile; fileRef = 1D6FA7231788F324005BE23E /* Default@2x.png */; };
		1D6FA7261788F33C005BE23E /* Default-568h@2x.png in Resources */ = {isa = PBXBuildFile; fileRef = 1D6FA7251788F33C005BE23E /* Default-568h@2x.png */; };
		1D6FA7271788F353005BE23E /* Icon.png in Resources */ = {isa = PBXBuildFile; fileRef = 1D6FA71917889E01005BE23E /* Icon.png */; };
		1D6FA7281788F368005BE23E /* Icon@2x.png in Resources */ = {isa = PBXBuildFile; fileRef = 1D6FA71B17889E1A005BE23E /* Icon@2x.png */; };
		1D6FA7291788F3A4005BE23E /* Icon-72.png in Resources */ = {isa = PBXBuildFile; fileRef = 1D6FA71D17889E25005BE23E /* Icon-72.png */; };
		1D6FA72A1788F3B5005BE23E /* Icon-144.png in Resources */ = {isa = PBXBuildFile; fileRef = 1D6FA71F17889E2F005BE23E /* Icon-144.png */; };
		1D6FA72C1788F3C7005BE23E /* Default-Portrait~ipad.png in Resources */ = {isa = PBXBuildFile; fileRef = 1D6FA72B1788F3C7005BE23E /* Default-Portrait~ipad.png */; };
		1D6FA72E1788F3F3005BE23E /* Default-Portrait@2x~ipad.png in Resources */ = {isa = PBXBuildFile; fileRef = 1D6FA72D1788F3F3005BE23E /* Default-Portrait@2x~ipad.png */; };
		1D6FA73017891852005BE23E /* Settings.bundle in Resources */ = {isa = PBXBuildFile; fileRef = 1D6FA72F17891852005BE23E /* Settings.bundle */; };
		1D6FA73517891A32005BE23E /* Icon-Small-50.png in Resources */ = {isa = PBXBuildFile; fileRef = 1D6FA73117891A31005BE23E /* Icon-Small-50.png */; };
		1D6FA73617891A32005BE23E /* Icon-Small-100.png in Resources */ = {isa = PBXBuildFile; fileRef = 1D6FA73217891A31005BE23E /* Icon-Small-100.png */; };
		1D6FA73717891A32005BE23E /* Icon-Small.png in Resources */ = {isa = PBXBuildFile; fileRef = 1D6FA73317891A31005BE23E /* Icon-Small.png */; };
		1D6FA73817891A32005BE23E /* Icon-Small@2x.png in Resources */ = {isa = PBXBuildFile; fileRef = 1D6FA73417891A31005BE23E /* Icon-Small@2x.png */; };
		1D921D9D173CB5BD00168A77 /* UIKit.framework in Frameworks */ = {isa = PBXBuildFile; fileRef = 1D921D9C173CB5BD00168A77 /* UIKit.framework */; };
		1D921D9F173CB5BD00168A77 /* Foundation.framework in Frameworks */ = {isa = PBXBuildFile; fileRef = 1D921D9E173CB5BD00168A77 /* Foundation.framework */; };
		1D921DA1173CB5BD00168A77 /* CoreGraphics.framework in Frameworks */ = {isa = PBXBuildFile; fileRef = 1D921DA0173CB5BD00168A77 /* CoreGraphics.framework */; };
		1D921DA3173CB5BD00168A77 /* CoreData.framework in Frameworks */ = {isa = PBXBuildFile; fileRef = 1D921DA2173CB5BD00168A77 /* CoreData.framework */; };
		1D921DA9173CB5BD00168A77 /* InfoPlist.strings in Resources */ = {isa = PBXBuildFile; fileRef = 1D921DA7173CB5BD00168A77 /* InfoPlist.strings */; };
		1D921DAB173CB5BD00168A77 /* main.m in Sources */ = {isa = PBXBuildFile; fileRef = 1D921DAA173CB5BD00168A77 /* main.m */; };
		1D921DAF173CB5BD00168A77 /* AppDelegate.m in Sources */ = {isa = PBXBuildFile; fileRef = 1D921DAE173CB5BD00168A77 /* AppDelegate.m */; };
		1D921DB8173CB5BD00168A77 /* MainStoryboard_iPhone.storyboard in Resources */ = {isa = PBXBuildFile; fileRef = 1D921DB6173CB5BD00168A77 /* MainStoryboard_iPhone.storyboard */; };
		1D921DBB173CB5BD00168A77 /* MainStoryboard_iPad.storyboard in Resources */ = {isa = PBXBuildFile; fileRef = 1D921DB9173CB5BD00168A77 /* MainStoryboard_iPad.storyboard */; };
		1D921DBE173CB5BD00168A77 /* NotePad.xcdatamodeld in Sources */ = {isa = PBXBuildFile; fileRef = 1D921DBC173CB5BD00168A77 /* NotePad.xcdatamodeld */; };
		1D921DC1173CB5BD00168A77 /* MasterViewController.m in Sources */ = {isa = PBXBuildFile; fileRef = 1D921DC0173CB5BD00168A77 /* MasterViewController.m */; };
		1D921DC4173CB5BD00168A77 /* DetailViewController.m in Sources */ = {isa = PBXBuildFile; fileRef = 1D921DC3173CB5BD00168A77 /* DetailViewController.m */; };
		1D921DD0173CC89800168A77 /* Note.m in Sources */ = {isa = PBXBuildFile; fileRef = 1D921DCF173CC89800168A77 /* Note.m */; };
		1D9A6E20173FFCE3002AEE41 /* Note+Create.m in Sources */ = {isa = PBXBuildFile; fileRef = 1D9A6E1F173FFCE3002AEE41 /* Note+Create.m */; };
/* End PBXBuildFile section */

/* Begin PBXFileReference section */
		1D21CD701749DB8500BFAC87 /* LICENSE.txt */ = {isa = PBXFileReference; fileEncoding = 4; lastKnownFileType = text; path = LICENSE.txt; sourceTree = "<group>"; };
		1D6FA71917889E01005BE23E /* Icon.png */ = {isa = PBXFileReference; lastKnownFileType = image.png; path = Icon.png; sourceTree = "<group>"; };
		1D6FA71B17889E1A005BE23E /* Icon@2x.png */ = {isa = PBXFileReference; lastKnownFileType = image.png; path = "Icon@2x.png"; sourceTree = "<group>"; };
		1D6FA71D17889E25005BE23E /* Icon-72.png */ = {isa = PBXFileReference; lastKnownFileType = image.png; path = "Icon-72.png"; sourceTree = "<group>"; };
		1D6FA71F17889E2F005BE23E /* Icon-144.png */ = {isa = PBXFileReference; lastKnownFileType = image.png; path = "Icon-144.png"; sourceTree = "<group>"; };
		1D6FA7211788F29C005BE23E /* Default.png */ = {isa = PBXFileReference; lastKnownFileType = image.png; path = Default.png; sourceTree = "<group>"; };
		1D6FA7231788F324005BE23E /* Default@2x.png */ = {isa = PBXFileReference; lastKnownFileType = image.png; path = "Default@2x.png"; sourceTree = "<group>"; };
		1D6FA7251788F33C005BE23E /* Default-568h@2x.png */ = {isa = PBXFileReference; lastKnownFileType = image.png; path = "Default-568h@2x.png"; sourceTree = "<group>"; };
		1D6FA72B1788F3C7005BE23E /* Default-Portrait~ipad.png */ = {isa = PBXFileReference; lastKnownFileType = image.png; path = "Default-Portrait~ipad.png"; sourceTree = "<group>"; };
		1D6FA72D1788F3F3005BE23E /* Default-Portrait@2x~ipad.png */ = {isa = PBXFileReference; lastKnownFileType = image.png; path = "Default-Portrait@2x~ipad.png"; sourceTree = "<group>"; };
		1D6FA72F17891852005BE23E /* Settings.bundle */ = {isa = PBXFileReference; lastKnownFileType = "wrapper.plug-in"; path = Settings.bundle; sourceTree = "<group>"; };
		1D6FA73117891A31005BE23E /* Icon-Small-50.png */ = {isa = PBXFileReference; lastKnownFileType = image.png; path = "Icon-Small-50.png"; sourceTree = "<group>"; };
		1D6FA73217891A31005BE23E /* Icon-Small-100.png */ = {isa = PBXFileReference; lastKnownFileType = image.png; path = "Icon-Small-100.png"; sourceTree = "<group>"; };
		1D6FA73317891A31005BE23E /* Icon-Small.png */ = {isa = PBXFileReference; lastKnownFileType = image.png; path = "Icon-Small.png"; sourceTree = "<group>"; };
		1D6FA73417891A31005BE23E /* Icon-Small@2x.png */ = {isa = PBXFileReference; lastKnownFileType = image.png; path = "Icon-Small@2x.png"; sourceTree = "<group>"; };
		1D921D99173CB5BD00168A77 /* NotePad.app */ = {isa = PBXFileReference; explicitFileType = wrapper.application; includeInIndex = 0; path = NotePad.app; sourceTree = BUILT_PRODUCTS_DIR; };
		1D921D9C173CB5BD00168A77 /* UIKit.framework */ = {isa = PBXFileReference; lastKnownFileType = wrapper.framework; name = UIKit.framework; path = System/Library/Frameworks/UIKit.framework; sourceTree = SDKROOT; };
		1D921D9E173CB5BD00168A77 /* Foundation.framework */ = {isa = PBXFileReference; lastKnownFileType = wrapper.framework; name = Foundation.framework; path = System/Library/Frameworks/Foundation.framework; sourceTree = SDKROOT; };
		1D921DA0173CB5BD00168A77 /* CoreGraphics.framework */ = {isa = PBXFileReference; lastKnownFileType = wrapper.framework; name = CoreGraphics.framework; path = System/Library/Frameworks/CoreGraphics.framework; sourceTree = SDKROOT; };
		1D921DA2173CB5BD00168A77 /* CoreData.framework */ = {isa = PBXFileReference; lastKnownFileType = wrapper.framework; name = CoreData.framework; path = System/Library/Frameworks/CoreData.framework; sourceTree = SDKROOT; };
		1D921DA6173CB5BD00168A77 /* NotePad-Info.plist */ = {isa = PBXFileReference; lastKnownFileType = text.plist.xml; path = "NotePad-Info.plist"; sourceTree = "<group>"; };
		1D921DA8173CB5BD00168A77 /* en */ = {isa = PBXFileReference; lastKnownFileType = text.plist.strings; name = en; path = en.lproj/InfoPlist.strings; sourceTree = "<group>"; };
		1D921DAA173CB5BD00168A77 /* main.m */ = {isa = PBXFileReference; lastKnownFileType = sourcecode.c.objc; path = main.m; sourceTree = "<group>"; };
		1D921DAC173CB5BD00168A77 /* NotePad-Prefix.pch */ = {isa = PBXFileReference; lastKnownFileType = sourcecode.c.h; path = "NotePad-Prefix.pch"; sourceTree = "<group>"; };
		1D921DAD173CB5BD00168A77 /* AppDelegate.h */ = {isa = PBXFileReference; lastKnownFileType = sourcecode.c.h; path = AppDelegate.h; sourceTree = "<group>"; };
		1D921DAE173CB5BD00168A77 /* AppDelegate.m */ = {isa = PBXFileReference; lastKnownFileType = sourcecode.c.objc; path = AppDelegate.m; sourceTree = "<group>"; };
		1D921DB7173CB5BD00168A77 /* en */ = {isa = PBXFileReference; lastKnownFileType = file.storyboard; name = en; path = en.lproj/MainStoryboard_iPhone.storyboard; sourceTree = "<group>"; };
		1D921DBA173CB5BD00168A77 /* en */ = {isa = PBXFileReference; lastKnownFileType = file.storyboard; name = en; path = en.lproj/MainStoryboard_iPad.storyboard; sourceTree = "<group>"; };
		1D921DBD173CB5BD00168A77 /* NotePad.xcdatamodel */ = {isa = PBXFileReference; lastKnownFileType = wrapper.xcdatamodel; path = NotePad.xcdatamodel; sourceTree = "<group>"; };
		1D921DBF173CB5BD00168A77 /* MasterViewController.h */ = {isa = PBXFileReference; lastKnownFileType = sourcecode.c.h; path = MasterViewController.h; sourceTree = "<group>"; };
		1D921DC0173CB5BD00168A77 /* MasterViewController.m */ = {isa = PBXFileReference; lastKnownFileType = sourcecode.c.objc; path = MasterViewController.m; sourceTree = "<group>"; };
		1D921DC2173CB5BD00168A77 /* DetailViewController.h */ = {isa = PBXFileReference; lastKnownFileType = sourcecode.c.h; path = DetailViewController.h; sourceTree = "<group>"; };
		1D921DC3173CB5BD00168A77 /* DetailViewController.m */ = {isa = PBXFileReference; lastKnownFileType = sourcecode.c.objc; path = DetailViewController.m; sourceTree = "<group>"; };
		1D921DCE173CC89800168A77 /* Note.h */ = {isa = PBXFileReference; fileEncoding = 4; lastKnownFileType = sourcecode.c.h; path = Note.h; sourceTree = "<group>"; };
		1D921DCF173CC89800168A77 /* Note.m */ = {isa = PBXFileReference; fileEncoding = 4; lastKnownFileType = sourcecode.c.objc; path = Note.m; sourceTree = "<group>"; };
		1D9A6E1E173FFCE3002AEE41 /* Note+Create.h */ = {isa = PBXFileReference; fileEncoding = 4; lastKnownFileType = sourcecode.c.h; path = "Note+Create.h"; sourceTree = "<group>"; };
		1D9A6E1F173FFCE3002AEE41 /* Note+Create.m */ = {isa = PBXFileReference; fileEncoding = 4; lastKnownFileType = sourcecode.c.objc; path = "Note+Create.m"; sourceTree = "<group>"; };
/* End PBXFileReference section */

/* Begin PBXFrameworksBuildPhase section */
		1D921D96173CB5BD00168A77 /* Frameworks */ = {
			isa = PBXFrameworksBuildPhase;
			buildActionMask = 2147483647;
			files = (
				1D921D9D173CB5BD00168A77 /* UIKit.framework in Frameworks */,
				1D921D9F173CB5BD00168A77 /* Foundation.framework in Frameworks */,
				1D921DA1173CB5BD00168A77 /* CoreGraphics.framework in Frameworks */,
				1D921DA3173CB5BD00168A77 /* CoreData.framework in Frameworks */,
			);
			runOnlyForDeploymentPostprocessing = 0;
		};
/* End PBXFrameworksBuildPhase section */

/* Begin PBXGroup section */
		1D921D90173CB5BD00168A77 = {
			isa = PBXGroup;
			children = (
				1D921DA4173CB5BD00168A77 /* NotePad */,
				1D921D9B173CB5BD00168A77 /* Frameworks */,
				1D921D9A173CB5BD00168A77 /* Products */,
			);
			sourceTree = "<group>";
		};
		1D921D9A173CB5BD00168A77 /* Products */ = {
			isa = PBXGroup;
			children = (
				1D921D99173CB5BD00168A77 /* NotePad.app */,
			);
			name = Products;
			sourceTree = "<group>";
		};
		1D921D9B173CB5BD00168A77 /* Frameworks */ = {
			isa = PBXGroup;
			children = (
				1D921D9C173CB5BD00168A77 /* UIKit.framework */,
				1D921D9E173CB5BD00168A77 /* Foundation.framework */,
				1D921DA0173CB5BD00168A77 /* CoreGraphics.framework */,
				1D921DA2173CB5BD00168A77 /* CoreData.framework */,
			);
			name = Frameworks;
			sourceTree = "<group>";
		};
		1D921DA4173CB5BD00168A77 /* NotePad */ = {
			isa = PBXGroup;
			children = (
				1D921DAD173CB5BD00168A77 /* AppDelegate.h */,
				1D921DAE173CB5BD00168A77 /* AppDelegate.m */,
				1D921DB6173CB5BD00168A77 /* MainStoryboard_iPhone.storyboard */,
				1D921DB9173CB5BD00168A77 /* MainStoryboard_iPad.storyboard */,
				1D921DBF173CB5BD00168A77 /* MasterViewController.h */,
				1D921DC0173CB5BD00168A77 /* MasterViewController.m */,
				1D921DC2173CB5BD00168A77 /* DetailViewController.h */,
				1D921DC3173CB5BD00168A77 /* DetailViewController.m */,
				1D921DCA173CC65500168A77 /* Core Data */,
				1D921DA5173CB5BD00168A77 /* Supporting Files */,
			);
			path = NotePad;
			sourceTree = "<group>";
		};
		1D921DA5173CB5BD00168A77 /* Supporting Files */ = {
			isa = PBXGroup;
			children = (
				1D6FA73117891A31005BE23E /* Icon-Small-50.png */,
				1D6FA73217891A31005BE23E /* Icon-Small-100.png */,
				1D6FA73317891A31005BE23E /* Icon-Small.png */,
				1D6FA73417891A31005BE23E /* Icon-Small@2x.png */,
				1D6FA72D1788F3F3005BE23E /* Default-Portrait@2x~ipad.png */,
				1D6FA72B1788F3C7005BE23E /* Default-Portrait~ipad.png */,
				1D6FA7251788F33C005BE23E /* Default-568h@2x.png */,
				1D6FA7231788F324005BE23E /* Default@2x.png */,
				1D6FA7211788F29C005BE23E /* Default.png */,
				1D6FA71F17889E2F005BE23E /* Icon-144.png */,
				1D6FA71D17889E25005BE23E /* Icon-72.png */,
				1D6FA71B17889E1A005BE23E /* Icon@2x.png */,
				1D6FA71917889E01005BE23E /* Icon.png */,
				1D921DA6173CB5BD00168A77 /* NotePad-Info.plist */,
				1D921DA7173CB5BD00168A77 /* InfoPlist.strings */,
				1D921DAA173CB5BD00168A77 /* main.m */,
				1D921DAC173CB5BD00168A77 /* NotePad-Prefix.pch */,
				1D21CD701749DB8500BFAC87 /* LICENSE.txt */,
				1D6FA72F17891852005BE23E /* Settings.bundle */,
			);
			name = "Supporting Files";
			sourceTree = "<group>";
		};
		1D921DCA173CC65500168A77 /* Core Data */ = {
			isa = PBXGroup;
			children = (
				1D921DCE173CC89800168A77 /* Note.h */,
				1D921DCF173CC89800168A77 /* Note.m */,
				1D921DBC173CB5BD00168A77 /* NotePad.xcdatamodeld */,
				1D9A6E1E173FFCE3002AEE41 /* Note+Create.h */,
				1D9A6E1F173FFCE3002AEE41 /* Note+Create.m */,
			);
			name = "Core Data";
			sourceTree = "<group>";
		};
/* End PBXGroup section */

/* Begin PBXNativeTarget section */
		1D921D98173CB5BD00168A77 /* NotePad */ = {
			isa = PBXNativeTarget;
			buildConfigurationList = 1D921DC7173CB5BD00168A77 /* Build configuration list for PBXNativeTarget "NotePad" */;
			buildPhases = (
				1D921D95173CB5BD00168A77 /* Sources */,
				1D921D96173CB5BD00168A77 /* Frameworks */,
				1D6FA73917891F42005BE23E /* ShellScript */,
				1D921D97173CB5BD00168A77 /* Resources */,
			);
			buildRules = (
			);
			dependencies = (
			);
			name = NotePad;
			productName = NotePad;
			productReference = 1D921D99173CB5BD00168A77 /* NotePad.app */;
			productType = "com.apple.product-type.application";
		};
/* End PBXNativeTarget section */

/* Begin PBXProject section */
		1D921D91173CB5BD00168A77 /* Project object */ = {
			isa = PBXProject;
			attributes = {
				LastUpgradeCheck = 0460;
				ORGANIZATIONNAME = "Thomas Traylor";
			};
			buildConfigurationList = 1D921D94173CB5BD00168A77 /* Build configuration list for PBXProject "NotePad" */;
			compatibilityVersion = "Xcode 3.2";
			developmentRegion = English;
			hasScannedForEncodings = 0;
			knownRegions = (
				en,
			);
			mainGroup = 1D921D90173CB5BD00168A77;
			productRefGroup = 1D921D9A173CB5BD00168A77 /* Products */;
			projectDirPath = "";
			projectRoot = "";
			targets = (
				1D921D98173CB5BD00168A77 /* NotePad */,
			);
		};
/* End PBXProject section */

/* Begin PBXResourcesBuildPhase section */
		1D921D97173CB5BD00168A77 /* Resources */ = {
			isa = PBXResourcesBuildPhase;
			buildActionMask = 2147483647;
			files = (
				1D921DA9173CB5BD00168A77 /* InfoPlist.strings in Resources */,
				1D921DB8173CB5BD00168A77 /* MainStoryboard_iPhone.storyboard in Resources */,
				1D921DBB173CB5BD00168A77 /* MainStoryboard_iPad.storyboard in Resources */,
				1D21CD711749DB8500BFAC87 /* LICENSE.txt in Resources */,
				1D6FA7241788F324005BE23E /* Default@2x.png in Resources */,
				1D6FA7261788F33C005BE23E /* Default-568h@2x.png in Resources */,
				1D6FA7271788F353005BE23E /* Icon.png in Resources */,
				1D6FA7281788F368005BE23E /* Icon@2x.png in Resources */,
				1D6FA7291788F3A4005BE23E /* Icon-72.png in Resources */,
				1D6FA72A1788F3B5005BE23E /* Icon-144.png in Resources */,
				1D6FA72C1788F3C7005BE23E /* Default-Portrait~ipad.png in Resources */,
				1D6FA72E1788F3F3005BE23E /* Default-Portrait@2x~ipad.png in Resources */,
				1D6FA73017891852005BE23E /* Settings.bundle in Resources */,
				1D6FA73517891A32005BE23E /* Icon-Small-50.png in Resources */,
				1D6FA73617891A32005BE23E /* Icon-Small-100.png in Resources */,
				1D6FA73717891A32005BE23E /* Icon-Small.png in Resources */,
				1D6FA73817891A32005BE23E /* Icon-Small@2x.png in Resources */,
			);
			runOnlyForDeploymentPostprocessing = 0;
		};
/* End PBXResourcesBuildPhase section */

/* Begin PBXShellScriptBuildPhase section */
		1D6FA73917891F42005BE23E /* ShellScript */ = {
			isa = PBXShellScriptBuildPhase;
			buildActionMask = 2147483647;
			files = (
			);
			inputPaths = (
			);
			outputPaths = (
			);
			runOnlyForDeploymentPostprocessing = 0;
			shellPath = /bin/sh;
			shellScript = "export pbuddy=\"/usr/libexec/PlistBuddy\"\nexport SETTINGROOT=\"$SRCROOT/NotePad/Settings.bundle/Root.plist\"\nbuildNumber=$($pbuddy -c \"Print CFBundleVersion\" \"$INFOPLIST_FILE\")\nbuildNumber=$((0x$buildNumber))\nbuildNumber=$(($buildNumber + 1))\nbuildNumber=$(printf \"%X\" $buildNumber)\n$pbuddy -c \"Set :CFBundleVersion $buildNumber\" \"$INFOPLIST_FILE\"\nproductVersion=$($pbuddy -c \"Print CFBundleShortVersionString\" \"$INFOPLIST_FILE\")\nnewVersion=\"$productVersion ($buildNumber)\"\necho \"Product Version: $newVersion\"\nfor (( c=0; c<=20; c++ ))\ndo\nversion=`$pbuddy -c \"print PreferenceSpecifiers:$c:Title\" $SETTINGROOT`\nif [ \"$version\" = \"Version\" ]\nthen\necho \"Product Version: $newVersion\"\n$pbuddy -c \"set PreferenceSpecifiers:$c:DefaultValue $newVersion\" $SETTINGROOT\nbreak;\nfi\ndone";
		};
/* End PBXShellScriptBuildPhase section */

/* Begin PBXSourcesBuildPhase section */
		1D921D95173CB5BD00168A77 /* Sources */ = {
			isa = PBXSourcesBuildPhase;
			buildActionMask = 2147483647;
			files = (
				1D921DAB173CB5BD00168A77 /* main.m in Sources */,
				1D921DAF173CB5BD00168A77 /* AppDelegate.m in Sources */,
				1D921DBE173CB5BD00168A77 /* NotePad.xcdatamodeld in Sources */,
				1D921DC1173CB5BD00168A77 /* MasterViewController.m in Sources */,
				1D921DC4173CB5BD00168A77 /* DetailViewController.m in Sources */,
				1D921DD0173CC89800168A77 /* Note.m in Sources */,
				1D9A6E20173FFCE3002AEE41 /* Note+Create.m in Sources */,
			);
			runOnlyForDeploymentPostprocessing = 0;
		};
/* End PBXSourcesBuildPhase section */

/* Begin PBXVariantGroup section */
		1D921DA7173CB5BD00168A77 /* InfoPlist.strings */ = {
			isa = PBXVariantGroup;
			children = (
				1D921DA8173CB5BD00168A77 /* en */,
			);
			name = InfoPlist.strings;
			sourceTree = "<group>";
		};
		1D921DB6173CB5BD00168A77 /* MainStoryboard_iPhone.storyboard */ = {
			isa = PBXVariantGroup;
			children = (
				1D921DB7173CB5BD00168A77 /* en */,
			);
			name = MainStoryboard_iPhone.storyboard;
			sourceTree = "<group>";
		};
		1D921DB9173CB5BD00168A77 /* MainStoryboard_iPad.storyboard */ = {
			isa = PBXVariantGroup;
			children = (
				1D921DBA173CB5BD00168A77 /* en */,
			);
			name = MainStoryboard_iPad.storyboard;
			sourceTree = "<group>";
		};
/* End PBXVariantGroup section */

/* Begin XCBuildConfiguration section */
		1D921DC5173CB5BD00168A77 /* Debug */ = {
			isa = XCBuildConfiguration;
			buildSettings = {
				ALWAYS_SEARCH_USER_PATHS = NO;
				CLANG_CXX_LANGUAGE_STANDARD = "gnu++0x";
				CLANG_CXX_LIBRARY = "libc++";
				CLANG_ENABLE_OBJC_ARC = YES;
				CLANG_WARN_CONSTANT_CONVERSION = YES;
				CLANG_WARN_EMPTY_BODY = YES;
				CLANG_WARN_ENUM_CONVERSION = YES;
				CLANG_WARN_INT_CONVERSION = YES;
				CLANG_WARN__DUPLICATE_METHOD_MATCH = YES;
				"CODE_SIGN_IDENTITY[sdk=iphoneos*]" = "iPhone Developer";
				COPY_PHASE_STRIP = NO;
				GCC_C_LANGUAGE_STANDARD = gnu99;
				GCC_DYNAMIC_NO_PIC = NO;
				GCC_OPTIMIZATION_LEVEL = 0;
				GCC_PREPROCESSOR_DEFINITIONS = (
					"DEBUG=1",
					"$(inherited)",
				);
				GCC_SYMBOLS_PRIVATE_EXTERN = NO;
				GCC_WARN_ABOUT_RETURN_TYPE = YES;
				GCC_WARN_UNINITIALIZED_AUTOS = YES;
				GCC_WARN_UNUSED_VARIABLE = YES;
				IPHONEOS_DEPLOYMENT_TARGET = 7.0;
				ONLY_ACTIVE_ARCH = YES;
				SDKROOT = iphoneos;
				TARGETED_DEVICE_FAMILY = "1,2";
			};
			name = Debug;
		};
		1D921DC6173CB5BD00168A77 /* Release */ = {
			isa = XCBuildConfiguration;
			buildSettings = {
				ALWAYS_SEARCH_USER_PATHS = NO;
				CLANG_CXX_LANGUAGE_STANDARD = "gnu++0x";
				CLANG_CXX_LIBRARY = "libc++";
				CLANG_ENABLE_OBJC_ARC = YES;
				CLANG_WARN_CONSTANT_CONVERSION = YES;
				CLANG_WARN_EMPTY_BODY = YES;
				CLANG_WARN_ENUM_CONVERSION = YES;
				CLANG_WARN_INT_CONVERSION = YES;
				CLANG_WARN__DUPLICATE_METHOD_MATCH = YES;
				"CODE_SIGN_IDENTITY[sdk=iphoneos*]" = "iPhone Developer";
				COPY_PHASE_STRIP = YES;
				GCC_C_LANGUAGE_STANDARD = gnu99;
				GCC_WARN_ABOUT_RETURN_TYPE = YES;
				GCC_WARN_UNINITIALIZED_AUTOS = YES;
				GCC_WARN_UNUSED_VARIABLE = YES;
				IPHONEOS_DEPLOYMENT_TARGET = 7.0;
				OTHER_CFLAGS = "-DNS_BLOCK_ASSERTIONS=1";
				SDKROOT = iphoneos;
				TARGETED_DEVICE_FAMILY = "1,2";
				VALIDATE_PRODUCT = YES;
			};
			name = Release;
		};
		1D921DC8173CB5BD00168A77 /* Debug */ = {
			isa = XCBuildConfiguration;
			buildSettings = {
				GCC_PRECOMPILE_PREFIX_HEADER = YES;
				GCC_PREFIX_HEADER = "NotePad/NotePad-Prefix.pch";
				INFOPLIST_FILE = "NotePad/NotePad-Info.plist";
				IPHONEOS_DEPLOYMENT_TARGET = 7.0;
				PRODUCT_NAME = "$(TARGET_NAME)";
				WRAPPER_EXTENSION = app;
			};
			name = Debug;
		};
		1D921DC9173CB5BD00168A77 /* Release */ = {
			isa = XCBuildConfiguration;
			buildSettings = {
				GCC_PRECOMPILE_PREFIX_HEADER = YES;
				GCC_PREFIX_HEADER = "NotePad/NotePad-Prefix.pch";
				INFOPLIST_FILE = "NotePad/NotePad-Info.plist";
				IPHONEOS_DEPLOYMENT_TARGET = 7.0;
				PRODUCT_NAME = "$(TARGET_NAME)";
				WRAPPER_EXTENSION = app;
			};
			name = Release;
		};
/* End XCBuildConfiguration section */

/* Begin XCConfigurationList section */
		1D921D94173CB5BD00168A77 /* Build configuration list for PBXProject "NotePad" */ = {
			isa = XCConfigurationList;
			buildConfigurations = (
				1D921DC5173CB5BD00168A77 /* Debug */,
				1D921DC6173CB5BD00168A77 /* Release */,
			);
			defaultConfigurationIsVisible = 0;
			defaultConfigurationName = Release;
		};
		1D921DC7173CB5BD00168A77 /* Build configuration list for PBXNativeTarget "NotePad" */ = {
			isa = XCConfigurationList;
			buildConfigurations = (
				1D921DC8173CB5BD00168A77 /* Debug */,
				1D921DC9173CB5BD00168A77 /* Release */,
			);
			defaultConfigurationIsVisible = 0;
			defaultConfigurationName = Release;
		};
/* End XCConfigurationList section */

/* Begin XCVersionGroup section */
		1D921DBC173CB5BD00168A77 /* NotePad.xcdatamodeld */ = {
			isa = XCVersionGroup;
			children = (
				1D921DBD173CB5BD00168A77 /* NotePad.xcdatamodel */,
			);
			currentVersion = 1D921DBD173CB5BD00168A77 /* NotePad.xcdatamodel */;
			path = NotePad.xcdatamodeld;
			sourceTree = "<group>";
			versionGroupType = wrapper.xcdatamodel;
		};
/* End XCVersionGroup section */
	};
	rootObject = 1D921D91173CB5BD00168A77 /* Project object */;
}
